
Microsoft Visual Studio Solution File, Format Version 12.00
# Visual Studio Version 17
VisualStudioVersion = 17.5.002.0
MinimumVisualStudioVersion = 10.0.40219.1
Project("{9A19103F-16F7-4668-BE54-9A1E7A4F7556}") = "TP11", "TP11.csproj", "{34F77C23-0200-47AF-B740-7438A0760FB4}"
EndProject
Global
	GlobalSection(SolutionConfigurationPlatforms) = preSolution
		Debug|Any CPU = Debug|Any CPU
		Release|Any CPU = Release|Any CPU
	EndGlobalSection
	GlobalSection(ProjectConfigurationPlatforms) = postSolution
		{34F77C23-0200-47AF-B740-7438A0760FB4}.Debug|Any CPU.ActiveCfg = Debug|Any CPU
		{34F77C23-0200-47AF-B740-7438A0760FB4}.Debug|Any CPU.Build.0 = Debug|Any CPU
		{34F77C23-0200-47AF-B740-7438A0760FB4}.Release|Any CPU.ActiveCfg = Release|Any CPU
		{34F77C23-0200-47AF-B740-7438A0760FB4}.Release|Any CPU.Build.0 = Release|Any CPU
	EndGlobalSection
	GlobalSection(SolutionProperties) = preSolution
		HideSolutionNode = FALSE
	EndGlobalSection
	GlobalSection(ExtensibilityGlobals) = postSolution
		SolutionGuid = {C80B2AF0-6057-44F8-AC9E-C262370B941E}
	EndGlobalSection
EndGlobal
