
Microsoft Visual Studio Solution File, Format Version 12.00
# Visual Studio Version 17
VisualStudioVersion = 17.5.002.0
MinimumVisualStudioVersion = 10.0.40219.1
Project("{9A19103F-16F7-4668-BE54-9A1E7A4F7556}") = "TP11", "TP11.csproj", "{922ABE60-737F-4357-97B8-F678C2706C6A}"
EndProject
Global
	GlobalSection(SolutionConfigurationPlatforms) = preSolution
		Debug|Any CPU = Debug|Any CPU
		Release|Any CPU = Release|Any CPU
	EndGlobalSection
	GlobalSection(ProjectConfigurationPlatforms) = postSolution
		{922ABE60-737F-4357-97B8-F678C2706C6A}.Debug|Any CPU.ActiveCfg = Debug|Any CPU
		{922ABE60-737F-4357-97B8-F678C2706C6A}.Debug|Any CPU.Build.0 = Debug|Any CPU
		{922ABE60-737F-4357-97B8-F678C2706C6A}.Release|Any CPU.ActiveCfg = Release|Any CPU
		{922ABE60-737F-4357-97B8-F678C2706C6A}.Release|Any CPU.Build.0 = Release|Any CPU
	EndGlobalSection
	GlobalSection(SolutionProperties) = preSolution
		HideSolutionNode = FALSE
	EndGlobalSection
	GlobalSection(ExtensibilityGlobals) = postSolution
		SolutionGuid = {A562BAFA-AB62-4583-9389-5E38105835C6}
	EndGlobalSection
EndGlobal
